
Microsoft Visual Studio Solution File, Format Version 12.00
# Visual Studio Version 16
VisualStudioVersion = 16.0.29521.150
MinimumVisualStudioVersion = 10.0.40219.1
Project("{9A19103F-16F7-4668-BE54-9A1E7A4F7556}") = "LolaSoft.WebShop.DataAccess", "LolaSoft.WebShop.DataAccess\LolaSoft.WebShop.DataAccess.csproj", "{63DF3A39-28C4-423D-83F2-8730E70E4359}"
EndProject
Project("{9A19103F-16F7-4668-BE54-9A1E7A4F7556}") = "LolaSoft.WebShop.Services", "LolaSoft.WebShop.Services\LolaSoft.WebShop.Services.csproj", "{19B5EECF-4D44-41BC-8B88-3E64BC2CAF0C}"
EndProject
Project("{9A19103F-16F7-4668-BE54-9A1E7A4F7556}") = "LolaSoft.WebShop", "LolaSoft.WebShop.Web\LolaSoft.WebShop.csproj", "{C44FA456-4EB3-4547-B5B2-DC411611E8D6}"
EndProject
Global
	GlobalSection(SolutionConfigurationPlatforms) = preSolution
		Debug|Any CPU = Debug|Any CPU
		Release|Any CPU = Release|Any CPU
	EndGlobalSection
	GlobalSection(ProjectConfigurationPlatforms) = postSolution
		{63DF3A39-28C4-423D-83F2-8730E70E4359}.Debug|Any CPU.ActiveCfg = Debug|Any CPU
		{63DF3A39-28C4-423D-83F2-8730E70E4359}.Debug|Any CPU.Build.0 = Debug|Any CPU
		{63DF3A39-28C4-423D-83F2-8730E70E4359}.Release|Any CPU.ActiveCfg = Release|Any CPU
		{63DF3A39-28C4-423D-83F2-8730E70E4359}.Release|Any CPU.Build.0 = Release|Any CPU
		{19B5EECF-4D44-41BC-8B88-3E64BC2CAF0C}.Debug|Any CPU.ActiveCfg = Debug|Any CPU
		{19B5EECF-4D44-41BC-8B88-3E64BC2CAF0C}.Debug|Any CPU.Build.0 = Debug|Any CPU
		{19B5EECF-4D44-41BC-8B88-3E64BC2CAF0C}.Release|Any CPU.ActiveCfg = Release|Any CPU
		{19B5EECF-4D44-41BC-8B88-3E64BC2CAF0C}.Release|Any CPU.Build.0 = Release|Any CPU
		{C44FA456-4EB3-4547-B5B2-DC411611E8D6}.Debug|Any CPU.ActiveCfg = Debug|Any CPU
		{C44FA456-4EB3-4547-B5B2-DC411611E8D6}.Debug|Any CPU.Build.0 = Debug|Any CPU
		{C44FA456-4EB3-4547-B5B2-DC411611E8D6}.Release|Any CPU.ActiveCfg = Release|Any CPU
		{C44FA456-4EB3-4547-B5B2-DC411611E8D6}.Release|Any CPU.Build.0 = Release|Any CPU
	EndGlobalSection
	GlobalSection(SolutionProperties) = preSolution
		HideSolutionNode = FALSE
	EndGlobalSection
	GlobalSection(ExtensibilityGlobals) = postSolution
		SolutionGuid = {A4133307-60A9-49FB-8D46-D5E944A0472F}
	EndGlobalSection
EndGlobal
